PODS:
  - Alamofire (4.6.0)
  - CocoaAsyncSocket (7.6.2)
  - CocoaMQTT (1.1.1):
    - CocoaAsyncSocket (~> 7.6.1)
    - SwiftyTimer (~> 2.0.0)
  - SwiftyTimer (2.0.0)

DEPENDENCIES:
  - Alamofire (~> 4.5)
  - CocoaMQTT

SPEC CHECKSUMS:
  Alamofire: f41a599bd63041760b26d393ec1069d9d7b917f4
  CocoaAsyncSocket: 3541e024f48c54b251638ef72d51dd42808de932
  CocoaMQTT: 3a01a51d534e0419b950d32236d4da389f074de8
  SwiftyTimer: 2efd74b060d69ad4f1496baf5bbedbe132125fcf

PODFILE CHECKSUM: a23474aefb4eb7b3b226e3c6c3b107eb3834b2ea

COCOAPODS: 1.4.0
